
Microsoft Visual Studio Solution File, Format Version 12.00
# Visual Studio Version 16
VisualStudioVersion = 16.0.31424.327
MinimumVisualStudioVersion = 10.0.40219.1
Project("{FAE04EC0-301F-11D3-BF4B-00C04F79EFBC}") = "Generics", "Generics.csproj", "{27600D8F-19CF-43F8-BD0D-E59708C2941A}"
EndProject
Project("{FAE04EC0-301F-11D3-BF4B-00C04F79EFBC}") = "GenericTest", "..\GenericTest\GenericTest.csproj", "{44C465F5-39D6-481F-BE37-8239A9BEE643}"
EndProject
Global
	GlobalSection(SolutionConfigurationPlatforms) = preSolution
		Debug|Any CPU = Debug|Any CPU
		Release|Any CPU = Release|Any CPU
	EndGlobalSection
	GlobalSection(ProjectConfigurationPlatforms) = postSolution
		{27600D8F-19CF-43F8-BD0D-E59708C2941A}.Debug|Any CPU.ActiveCfg = Debug|Any CPU
		{27600D8F-19CF-43F8-BD0D-E59708C2941A}.Debug|Any CPU.Build.0 = Debug|Any CPU
		{27600D8F-19CF-43F8-BD0D-E59708C2941A}.Release|Any CPU.ActiveCfg = Release|Any CPU
		{27600D8F-19CF-43F8-BD0D-E59708C2941A}.Release|Any CPU.Build.0 = Release|Any CPU
		{44C465F5-39D6-481F-BE37-8239A9BEE643}.Debug|Any CPU.ActiveCfg = Debug|Any CPU
		{44C465F5-39D6-481F-BE37-8239A9BEE643}.Debug|Any CPU.Build.0 = Debug|Any CPU
		{44C465F5-39D6-481F-BE37-8239A9BEE643}.Release|Any CPU.ActiveCfg = Release|Any CPU
		{44C465F5-39D6-481F-BE37-8239A9BEE643}.Release|Any CPU.Build.0 = Release|Any CPU
	EndGlobalSection
	GlobalSection(SolutionProperties) = preSolution
		HideSolutionNode = FALSE
	EndGlobalSection
	GlobalSection(ExtensibilityGlobals) = postSolution
		SolutionGuid = {8991A472-EDC7-431F-B3FE-A52333A5BE5B}
	EndGlobalSection
EndGlobal
